// !$*UTF8*$!
{
	archiveVersion = 1;
	classes = {
	};
	objectVersion = 48;
	objects = {

/* Begin PBXBuildFile section */
		132A3EE11F9EBACC0087D467 /* HomeViewControllerExtensions.swift in Sources */ = {isa = PBXBuildFile; fileRef = 132A3EE01F9EBACC0087D467 /* HomeViewControllerExtensions.swift */; };
		132A3EE41F9EC9330087D467 /* CoreDataManager.swift in Sources */ = {isa = PBXBuildFile; fileRef = 132A3EE31F9EC9330087D467 /* CoreDataManager.swift */; };
		133427691F9EA90300EB3FFF /* AppDelegate.swift in Sources */ = {isa = PBXBuildFile; fileRef = 133427681F9EA90300EB3FFF /* AppDelegate.swift */; };
		1334276B1F9EA90300EB3FFF /* HomeViewController.swift in Sources */ = {isa = PBXBuildFile; fileRef = 1334276A1F9EA90300EB3FFF /* HomeViewController.swift */; };
		1334276E1F9EA90400EB3FFF /* Main.storyboard in Resources */ = {isa = PBXBuildFile; fileRef = 1334276C1F9EA90400EB3FFF /* Main.storyboard */; };
		133427711F9EA90400EB3FFF /* Task_List.xcdatamodeld in Sources */ = {isa = PBXBuildFile; fileRef = 1334276F1F9EA90400EB3FFF /* Task_List.xcdatamodeld */; };
		133427731F9EA90400EB3FFF /* Assets.xcassets in Resources */ = {isa = PBXBuildFile; fileRef = 133427721F9EA90400EB3FFF /* Assets.xcassets */; };
		133427761F9EA90400EB3FFF /* LaunchScreen.storyboard in Resources */ = {isa = PBXBuildFile; fileRef = 133427741F9EA90400EB3FFF /* LaunchScreen.storyboard */; };
/* End PBXBuildFile section */

/* Begin PBXFileReference section */
		132A3EE01F9EBACC0087D467 /* HomeViewControllerExtensions.swift */ = {isa = PBXFileReference; lastKnownFileType = sourcecode.swift; path = HomeViewControllerExtensions.swift; sourceTree = "<group>"; };
		132A3EE31F9EC9330087D467 /* CoreDataManager.swift */ = {isa = PBXFileReference; lastKnownFileType = sourcecode.swift; path = CoreDataManager.swift; sourceTree = "<group>"; };
		132A3EE61F9EC9420087D467 /* CoreData.framework */ = {isa = PBXFileReference; lastKnownFileType = wrapper.framework; name = CoreData.framework; path = System/Library/Frameworks/CoreData.framework; sourceTree = SDKROOT; };
		133427651F9EA90300EB3FFF /* Task List.app */ = {isa = PBXFileReference; explicitFileType = wrapper.application; includeInIndex = 0; path = "Task List.app"; sourceTree = BUILT_PRODUCTS_DIR; };
		133427681F9EA90300EB3FFF /* AppDelegate.swift */ = {isa = PBXFileReference; lastKnownFileType = sourcecode.swift; path = AppDelegate.swift; sourceTree = "<group>"; };
		1334276A1F9EA90300EB3FFF /* HomeViewController.swift */ = {isa = PBXFileReference; lastKnownFileType = sourcecode.swift; path = HomeViewController.swift; sourceTree = "<group>"; };
		1334276D1F9EA90400EB3FFF /* Base */ = {isa = PBXFileReference; lastKnownFileType = file.storyboard; name = Base; path = Base.lproj/Main.storyboard; sourceTree = "<group>"; };
		133427701F9EA90400EB3FFF /* Task_List.xcdatamodel */ = {isa = PBXFileReference; lastKnownFileType = wrapper.xcdatamodel; path = Task_List.xcdatamodel; sourceTree = "<group>"; };
		133427721F9EA90400EB3FFF /* Assets.xcassets */ = {isa = PBXFileReference; lastKnownFileType = folder.assetcatalog; path = Assets.xcassets; sourceTree = "<group>"; };
		133427751F9EA90400EB3FFF /* Base */ = {isa = PBXFileReference; lastKnownFileType = file.storyboard; name = Base; path = Base.lproj/LaunchScreen.storyboard; sourceTree = "<group>"; };
		133427771F9EA90400EB3FFF /* Info.plist */ = {isa = PBXFileReference; lastKnownFileType = text.plist.xml; path = Info.plist; sourceTree = "<group>"; };
/* End PBXFileReference section */

/* Begin PBXFrameworksBuildPhase section */
		133427621F9EA90300EB3FFF /* Frameworks */ = {
			isa = PBXFrameworksBuildPhase;
			buildActionMask = 2147483647;
			files = (
			);
			runOnlyForDeploymentPostprocessing = 0;
		};
/* End PBXFrameworksBuildPhase section */

/* Begin PBXGroup section */
		132A3EDF1F9EBAA90087D467 /* Extensions */ = {
			isa = PBXGroup;
			children = (
				132A3EE01F9EBACC0087D467 /* HomeViewControllerExtensions.swift */,
			);
			path = Extensions;
			sourceTree = "<group>";
		};
		132A3EE21F9EC91B0087D467 /* Database */ = {
			isa = PBXGroup;
			children = (
				132A3EE31F9EC9330087D467 /* CoreDataManager.swift */,
			);
			path = Database;
			sourceTree = "<group>";
		};
		132A3EE51F9EC9420087D467 /* Frameworks */ = {
			isa = PBXGroup;
			children = (
				132A3EE61F9EC9420087D467 /* CoreData.framework */,
			);
			name = Frameworks;
			sourceTree = "<group>";
		};
		1334275C1F9EA90200EB3FFF = {
			isa = PBXGroup;
			children = (
				133427671F9EA90300EB3FFF /* Task List */,
				133427661F9EA90300EB3FFF /* Products */,
				132A3EE51F9EC9420087D467 /* Frameworks */,
			);
			sourceTree = "<group>";
		};
		133427661F9EA90300EB3FFF /* Products */ = {
			isa = PBXGroup;
			children = (
				133427651F9EA90300EB3FFF /* Task List.app */,
			);
			name = Products;
			sourceTree = "<group>";
		};
		133427671F9EA90300EB3FFF /* Task List */ = {
			isa = PBXGroup;
			children = (
				132A3EE21F9EC91B0087D467 /* Database */,
				132A3EDF1F9EBAA90087D467 /* Extensions */,
				133427681F9EA90300EB3FFF /* AppDelegate.swift */,
				1334276A1F9EA90300EB3FFF /* HomeViewController.swift */,
				1334276C1F9EA90400EB3FFF /* Main.storyboard */,
				133427721F9EA90400EB3FFF /* Assets.xcassets */,
				133427741F9EA90400EB3FFF /* LaunchScreen.storyboard */,
				133427771F9EA90400EB3FFF /* Info.plist */,
				1334276F1F9EA90400EB3FFF /* Task_List.xcdatamodeld */,
			);
			path = "Task List";
			sourceTree = "<group>";
		};
/* End PBXGroup section */

/* Begin PBXNativeTarget section */
		133427641F9EA90300EB3FFF /* Task List */ = {
			isa = PBXNativeTarget;
			buildConfigurationList = 1334277A1F9EA90400EB3FFF /* Build configuration list for PBXNativeTarget "Task List" */;
			buildPhases = (
				133427611F9EA90300EB3FFF /* Sources */,
				133427621F9EA90300EB3FFF /* Frameworks */,
				133427631F9EA90300EB3FFF /* Resources */,
			);
			buildRules = (
			);
			dependencies = (
			);
			name = "Task List";
			productName = "Task List";
			productReference = 133427651F9EA90300EB3FFF /* Task List.app */;
			productType = "com.apple.product-type.application";
		};
/* End PBXNativeTarget section */

/* Begin PBXProject section */
		1334275D1F9EA90200EB3FFF /* Project object */ = {
			isa = PBXProject;
			attributes = {
				LastSwiftUpdateCheck = 0900;
				LastUpgradeCheck = 0900;
				ORGANIZATIONNAME = "Juan Naputi";
				TargetAttributes = {
					133427641F9EA90300EB3FFF = {
						CreatedOnToolsVersion = 9.0.1;
						ProvisioningStyle = Automatic;
					};
				};
			};
			buildConfigurationList = 133427601F9EA90300EB3FFF /* Build configuration list for PBXProject "Task List" */;
			compatibilityVersion = "Xcode 8.0";
			developmentRegion = en;
			hasScannedForEncodings = 0;
			knownRegions = (
				en,
				Base,
			);
			mainGroup = 1334275C1F9EA90200EB3FFF;
			productRefGroup = 133427661F9EA90300EB3FFF /* Products */;
			projectDirPath = "";
			projectRoot = "";
			targets = (
				133427641F9EA90300EB3FFF /* Task List */,
			);
		};
/* End PBXProject section */

/* Begin PBXResourcesBuildPhase section */
		133427631F9EA90300EB3FFF /* Resources */ = {
			isa = PBXResourcesBuildPhase;
			buildActionMask = 2147483647;
			files = (
				133427761F9EA90400EB3FFF /* LaunchScreen.storyboard in Resources */,
				133427731F9EA90400EB3FFF /* Assets.xcassets in Resources */,
				1334276E1F9EA90400EB3FFF /* Main.storyboard in Resources */,
			);
			runOnlyForDeploymentPostprocessing = 0;
		};
/* End PBXResourcesBuildPhase section */

/* Begin PBXSourcesBuildPhase section */
		133427611F9EA90300EB3FFF /* Sources */ = {
			isa = PBXSourcesBuildPhase;
			buildActionMask = 2147483647;
			files = (
				1334276B1F9EA90300EB3FFF /* HomeViewController.swift in Sources */,
				132A3EE11F9EBACC0087D467 /* HomeViewControllerExtensions.swift in Sources */,
				133427691F9EA90300EB3FFF /* AppDelegate.swift in Sources */,
				132A3EE41F9EC9330087D467 /* CoreDataManager.swift in Sources */,
				133427711F9EA90400EB3FFF /* Task_List.xcdatamodeld in Sources */,
			);
			runOnlyForDeploymentPostprocessing = 0;
		};
/* End PBXSourcesBuildPhase section */

/* Begin PBXVariantGroup section */
		1334276C1F9EA90400EB3FFF /* Main.storyboard */ = {
			isa = PBXVariantGroup;
			children = (
				1334276D1F9EA90400EB3FFF /* Base */,
			);
			name = Main.storyboard;
			sourceTree = "<group>";
		};
		133427741F9EA90400EB3FFF /* LaunchScreen.storyboard */ = {
			isa = PBXVariantGroup;
			children = (
				133427751F9EA90400EB3FFF /* Base */,
			);
			name = LaunchScreen.storyboard;
			sourceTree = "<group>";
		};
/* End PBXVariantGroup section */

/* Begin XCBuildConfiguration section */
		133427781F9EA90400EB3FFF /* Debug */ = {
			isa = XCBuildConfiguration;
			buildSettings = {
				ALWAYS_SEARCH_USER_PATHS = NO;
				CLANG_ANALYZER_NONNULL = YES;
				CLANG_ANALYZER_NUMBER_OBJECT_CONVERSION = YES_AGGRESSIVE;
				CLANG_CXX_LANGUAGE_STANDARD = "gnu++14";
				CLANG_CXX_LIBRARY = "libc++";
				CLANG_ENABLE_MODULES = YES;
				CLANG_ENABLE_OBJC_ARC = YES;
				CLANG_WARN_BLOCK_CAPTURE_AUTORELEASING = YES;
				CLANG_WARN_BOOL_CONVERSION = YES;
				CLANG_WARN_COMMA = YES;
				CLANG_WARN_CONSTANT_CONVERSION = YES;
				CLANG_WARN_DIRECT_OBJC_ISA_USAGE = YES_ERROR;
				CLANG_WARN_DOCUMENTATION_COMMENTS = YES;
				CLANG_WARN_EMPTY_BODY = YES;
				CLANG_WARN_ENUM_CONVERSION = YES;
				CLANG_WARN_INFINITE_RECURSION = YES;
				CLANG_WARN_INT_CONVERSION = YES;
				CLANG_WARN_NON_LITERAL_NULL_CONVERSION = YES;
				CLANG_WARN_OBJC_LITERAL_CONVERSION = YES;
				CLANG_WARN_OBJC_ROOT_CLASS = YES_ERROR;
				CLANG_WARN_RANGE_LOOP_ANALYSIS = YES;
				CLANG_WARN_STRICT_PROTOTYPES = YES;
				CLANG_WARN_SUSPICIOUS_MOVE = YES;
				CLANG_WARN_UNGUARDED_AVAILABILITY = YES_AGGRESSIVE;
				CLANG_WARN_UNREACHABLE_CODE = YES;
				CLANG_WARN__DUPLICATE_METHOD_MATCH = YES;
				CODE_SIGN_IDENTITY = "iPhone Developer";
				COPY_PHASE_STRIP = NO;
				DEBUG_INFORMATION_FORMAT = dwarf;
				ENABLE_STRICT_OBJC_MSGSEND = YES;
				ENABLE_TESTABILITY = YES;
				GCC_C_LANGUAGE_STANDARD = gnu11;
				GCC_DYNAMIC_NO_PIC = NO;
				GCC_NO_COMMON_BLOCKS = YES;
				GCC_OPTIMIZATION_LEVEL = 0;
				GCC_PREPROCESSOR_DEFINITIONS = (
					"DEBUG=1",
					"$(inherited)",
				);
				GCC_WARN_64_TO_32_BIT_CONVERSION = YES;
				GCC_WARN_ABOUT_RETURN_TYPE = YES_ERROR;
				GCC_WARN_UNDECLARED_SELECTOR = YES;
				GCC_WARN_UNINITIALIZED_AUTOS = YES_AGGRESSIVE;
				GCC_WARN_UNUSED_FUNCTION = YES;
				GCC_WARN_UNUSED_VARIABLE = YES;
				IPHONEOS_DEPLOYMENT_TARGET = 11.0;
				MTL_ENABLE_DEBUG_INFO = YES;
				ONLY_ACTIVE_ARCH = YES;
				SDKROOT = iphoneos;
				SWIFT_ACTIVE_COMPILATION_CONDITIONS = DEBUG;
				SWIFT_OPTIMIZATION_LEVEL = "-Onone";
			};
			name = Debug;
		};
		133427791F9EA90400EB3FFF /* Release */ = {
			isa = XCBuildConfiguration;
			buildSettings = {
				ALWAYS_SEARCH_USER_PATHS = NO;
				CLANG_ANALYZER_NONNULL = YES;
				CLANG_ANALYZER_NUMBER_OBJECT_CONVERSION = YES_AGGRESSIVE;
				CLANG_CXX_LANGUAGE_STANDARD = "gnu++14";
				CLANG_CXX_LIBRARY = "libc++";
				CLANG_ENABLE_MODULES = YES;
				CLANG_ENABLE_OBJC_ARC = YES;
				CLANG_WARN_BLOCK_CAPTURE_AUTORELEASING = YES;
				CLANG_WARN_BOOL_CONVERSION = YES;
				CLANG_WARN_COMMA = YES;
				CLANG_WARN_CONSTANT_CONVERSION = YES;
				CLANG_WARN_DIRECT_OBJC_ISA_USAGE = YES_ERROR;
				CLANG_WARN_DOCUMENTATION_COMMENTS = YES;
				CLANG_WARN_EMPTY_BODY = YES;
				CLANG_WARN_ENUM_CONVERSION = YES;
				CLANG_WARN_INFINITE_RECURSION = YES;
				CLANG_WARN_INT_CONVERSION = YES;
				CLANG_WARN_NON_LITERAL_NULL_CONVERSION = YES;
				CLANG_WARN_OBJC_LITERAL_CONVERSION = YES;
				CLANG_WARN_OBJC_ROOT_CLASS = YES_ERROR;
				CLANG_WARN_RANGE_LOOP_ANALYSIS = YES;
				CLANG_WARN_STRICT_PROTOTYPES = YES;
				CLANG_WARN_SUSPICIOUS_MOVE = YES;
				CLANG_WARN_UNGUARDED_AVAILABILITY = YES_AGGRESSIVE;
				CLANG_WARN_UNREACHABLE_CODE = YES;
				CLANG_WARN__DUPLICATE_METHOD_MATCH = YES;
				CODE_SIGN_IDENTITY = "iPhone Developer";
				COPY_PHASE_STRIP = NO;
				DEBUG_INFORMATION_FORMAT = "dwarf-with-dsym";
				ENABLE_NS_ASSERTIONS = NO;
				ENABLE_STRICT_OBJC_MSGSEND = YES;
				GCC_C_LANGUAGE_STANDARD = gnu11;
				GCC_NO_COMMON_BLOCKS = YES;
				GCC_WARN_64_TO_32_BIT_CONVERSION = YES;
				GCC_WARN_ABOUT_RETURN_TYPE = YES_ERROR;
				GCC_WARN_UNDECLARED_SELECTOR = YES;
				GCC_WARN_UNINITIALIZED_AUTOS = YES_AGGRESSIVE;
				GCC_WARN_UNUSED_FUNCTION = YES;
				GCC_WARN_UNUSED_VARIABLE = YES;
				IPHONEOS_DEPLOYMENT_TARGET = 11.0;
				MTL_ENABLE_DEBUG_INFO = NO;
				SDKROOT = iphoneos;
				SWIFT_OPTIMIZATION_LEVEL = "-Owholemodule";
				VALIDATE_PRODUCT = YES;
			};
			name = Release;
		};
		1334277B1F9EA90400EB3FFF /* Debug */ = {
			isa = XCBuildConfiguration;
			buildSettings = {
				ASSETCATALOG_COMPILER_APPICON_NAME = AppIcon;
				CODE_SIGN_STYLE = Automatic;
				DEVELOPMENT_TEAM = 5EFJRH573A;
				INFOPLIST_FILE = "Task List/Info.plist";
				LD_RUNPATH_SEARCH_PATHS = "$(inherited) @executable_path/Frameworks";
				PRODUCT_BUNDLE_IDENTIFIER = "com.jnaputi.Task-List";
				PRODUCT_NAME = "$(TARGET_NAME)";
				SWIFT_VERSION = 4.0;
				TARGETED_DEVICE_FAMILY = "1,2";
			};
			name = Debug;
		};
		1334277C1F9EA90400EB3FFF /* Release */ = {
			isa = XCBuildConfiguration;
			buildSettings = {
				ASSETCATALOG_COMPILER_APPICON_NAME = AppIcon;
				CODE_SIGN_STYLE = Automatic;
				DEVELOPMENT_TEAM = 5EFJRH573A;
				INFOPLIST_FILE = "Task List/Info.plist";
				LD_RUNPATH_SEARCH_PATHS = "$(inherited) @executable_path/Frameworks";
				PRODUCT_BUNDLE_IDENTIFIER = "com.jnaputi.Task-List";
				PRODUCT_NAME = "$(TARGET_NAME)";
				SWIFT_VERSION = 4.0;
				TARGETED_DEVICE_FAMILY = "1,2";
			};
			name = Release;
		};
/* End XCBuildConfiguration section */

/* Begin XCConfigurationList section */
		133427601F9EA90300EB3FFF /* Build configuration list for PBXProject "Task List" */ = {
			isa = XCConfigurationList;
			buildConfigurations = (
				133427781F9EA90400EB3FFF /* Debug */,
				133427791F9EA90400EB3FFF /* Release */,
			);
			defaultConfigurationIsVisible = 0;
			defaultConfigurationName = Release;
		};
		1334277A1F9EA90400EB3FFF /* Build configuration list for PBXNativeTarget "Task List" */ = {
			isa = XCConfigurationList;
			buildConfigurations = (
				1334277B1F9EA90400EB3FFF /* Debug */,
				1334277C1F9EA90400EB3FFF /* Release */,
			);
			defaultConfigurationIsVisible = 0;
			defaultConfigurationName = Release;
		};
/* End XCConfigurationList section */

/* Begin XCVersionGroup section */
		1334276F1F9EA90400EB3FFF /* Task_List.xcdatamodeld */ = {
			isa = XCVersionGroup;
			children = (
				133427701F9EA90400EB3FFF /* Task_List.xcdatamodel */,
			);
			currentVersion = 133427701F9EA90400EB3FFF /* Task_List.xcdatamodel */;
			path = Task_List.xcdatamodeld;
			sourceTree = "<group>";
			versionGroupType = wrapper.xcdatamodel;
		};
/* End XCVersionGroup section */
	};
	rootObject = 1334275D1F9EA90200EB3FFF /* Project object */;
}
